
Microsoft Visual Studio Solution File, Format Version 12.00
# Visual Studio 15
VisualStudioVersion = 15.0.28307.1267
MinimumVisualStudioVersion = 10.0.40219.1
Project("{8BC9CEB8-8B4A-11D0-8D11-00A0C91BC942}") = "cpCF", "cpCF\cpCF.vcxproj", "{D45C8449-B46D-4D1A-A71E-94D2ED420877}"
EndProject
Global
	GlobalSection(SolutionConfigurationPlatforms) = preSolution
		Debug|x64 = Debug|x64
		Debug|x86 = Debug|x86
		Release|x64 = Release|x64
		Release|x86 = Release|x86
	EndGlobalSection
	GlobalSection(ProjectConfigurationPlatforms) = postSolution
		{D45C8449-B46D-4D1A-A71E-94D2ED420877}.Debug|x64.ActiveCfg = Debug|x64
		{D45C8449-B46D-4D1A-A71E-94D2ED420877}.Debug|x64.Build.0 = Debug|x64
		{D45C8449-B46D-4D1A-A71E-94D2ED420877}.Debug|x86.ActiveCfg = Debug|Win32
		{D45C8449-B46D-4D1A-A71E-94D2ED420877}.Debug|x86.Build.0 = Debug|Win32
		{D45C8449-B46D-4D1A-A71E-94D2ED420877}.Release|x64.ActiveCfg = Release|x64
		{D45C8449-B46D-4D1A-A71E-94D2ED420877}.Release|x64.Build.0 = Release|x64
		{D45C8449-B46D-4D1A-A71E-94D2ED420877}.Release|x86.ActiveCfg = Release|Win32
		{D45C8449-B46D-4D1A-A71E-94D2ED420877}.Release|x86.Build.0 = Release|Win32
	EndGlobalSection
	GlobalSection(SolutionProperties) = preSolution
		HideSolutionNode = FALSE
	EndGlobalSection
	GlobalSection(ExtensibilityGlobals) = postSolution
		SolutionGuid = {A4562C7E-76D1-4B25-A49F-0DFFC91D5812}
	EndGlobalSection
EndGlobal
